{
  "version": 4,
  "terraform_version": "1.11.3",
  "serial": 1,
  "lineage": "0a8d5405-e3ef-76eb-cf4d-f43905a85398",
  "outputs": {},
  "resources": [
    {
      "mode": "data",
      "type": "azuread_client_config",
      "name": "current",
      "provider": "provider[\"registry.terraform.io/hashicorp/azuread\"]",
      "instances": [
        {
          "schema_version": 0,
          "attributes": {
            "client_id": "b45ca867-8cf6-4fe3-9304-9a1f7c8ac234",
            "id": "570c8a00-bc2e-466a-918b-a6e4e6326c02-b45ca867-8cf6-4fe3-9304-9a1f7c8ac234-ff352d03-ba25-490b-a202-05236f56676f",
            "object_id": "ff352d03-ba25-490b-a202-05236f56676f",
            "tenant_id": "570c8a00-bc2e-466a-918b-a6e4e6326c02",
            "timeouts": null
          },
          "sensitive_attributes": []
        }
      ]
    },
    {
      "mode": "managed",
      "type": "azuread_group",
      "name": "tried-it-out",
      "provider": "provider[\"registry.terraform.io/hashicorp/azuread\"]",
      "instances": [
        {
          "schema_version": 1,
          "attributes": {
            "administrative_unit_ids": null,
            "assignable_to_role": false,
            "auto_subscribe_new_members": false,
            "behaviors": null,
            "description": "",
            "display_name": "example-try-out",
            "dynamic_membership": [],
            "external_senders_allowed": false,
            "hide_from_address_lists": false,
            "hide_from_outlook_clients": false,
            "id": "/groups/bc9053b8-51e1-449e-95c8-86bc48e4a9f1",
            "mail": "",
            "mail_enabled": false,
            "mail_nickname": "8adc46cf-f",
            "members": [],
            "object_id": "bc9053b8-51e1-449e-95c8-86bc48e4a9f1",
            "onpremises_domain_name": "",
            "onpremises_group_type": "",
            "onpremises_netbios_name": "",
            "onpremises_sam_account_name": "",
            "onpremises_security_identifier": "",
            "onpremises_sync_enabled": false,
            "owners": [
              "ff352d03-ba25-490b-a202-05236f56676f"
            ],
            "preferred_language": "",
            "prevent_duplicate_names": false,
            "provisioning_options": null,
            "proxy_addresses": [],
            "security_enabled": true,
            "theme": "",
            "timeouts": null,
            "types": null,
            "visibility": "",
            "writeback_enabled": false
          },
          "sensitive_attributes": [],
          "private": "eyJlMmJmYjczMC1lY2FhLTExZTYtOGY4OC0zNDM2M2JjN2M0YzAiOnsiY3JlYXRlIjoxMjAwMDAwMDAwMDAwLCJkZWxldGUiOjMwMDAwMDAwMDAwMCwicmVhZCI6MzAwMDAwMDAwMDAwLCJ1cGRhdGUiOjEyMDAwMDAwMDAwMDB9LCJzY2hlbWFfdmVyc2lvbiI6IjEifQ==",
          "dependencies": [
            "data.azuread_client_config.current"
          ]
        }
      ]
    }
  ],
  "check_results": null
}
